
Microsoft Visual Studio Solution File, Format Version 12.00
# Visual Studio Version 16
VisualStudioVersion = 16.0.31729.503
MinimumVisualStudioVersion = 10.0.40219.1
Project("{FAE04EC0-301F-11D3-BF4B-00C04F79EFBC}") = "makeSymlinkManual", "makeSymlinkManual\makeSymlinkManual.csproj", "{A8E55DF1-63D1-4DDB-A9B3-E49AA7263A39}"
EndProject
Global
	GlobalSection(SolutionConfigurationPlatforms) = preSolution
		Debug|Any CPU = Debug|Any CPU
		Release|Any CPU = Release|Any CPU
	EndGlobalSection
	GlobalSection(ProjectConfigurationPlatforms) = postSolution
		{A8E55DF1-63D1-4DDB-A9B3-E49AA7263A39}.Debug|Any CPU.ActiveCfg = Debug|Any CPU
		{A8E55DF1-63D1-4DDB-A9B3-E49AA7263A39}.Debug|Any CPU.Build.0 = Debug|Any CPU
		{A8E55DF1-63D1-4DDB-A9B3-E49AA7263A39}.Release|Any CPU.ActiveCfg = Release|Any CPU
		{A8E55DF1-63D1-4DDB-A9B3-E49AA7263A39}.Release|Any CPU.Build.0 = Release|Any CPU
	EndGlobalSection
	GlobalSection(SolutionProperties) = preSolution
		HideSolutionNode = FALSE
	EndGlobalSection
	GlobalSection(ExtensibilityGlobals) = postSolution
		SolutionGuid = {B6487ECB-34EC-4FBE-A71E-1B5707386311}
	EndGlobalSection
EndGlobal
